
Microsoft Visual Studio Solution File, Format Version 12.00
# Visual Studio Version 16
VisualStudioVersion = 16.0.32407.337
MinimumVisualStudioVersion = 10.0.40219.1
Project("{8BC9CEB8-8B4A-11D0-8D11-00A0C91BC942}") = "Lab 6.8", "Lab 6.8\Lab 6.8.vcxproj", "{070BD11D-624B-4083-B7E1-DFAF38F377A6}"
EndProject
Project("{8BC9CEB8-8B4A-11D0-8D11-00A0C91BC942}") = "UnitTest1", "UnitTest1\UnitTest1.vcxproj", "{39819A90-177C-432B-A806-D42C9C5F59AE}"
EndProject
Global
	GlobalSection(SolutionConfigurationPlatforms) = preSolution
		Debug|x64 = Debug|x64
		Debug|x86 = Debug|x86
		Release|x64 = Release|x64
		Release|x86 = Release|x86
	EndGlobalSection
	GlobalSection(ProjectConfigurationPlatforms) = postSolution
		{070BD11D-624B-4083-B7E1-DFAF38F377A6}.Debug|x64.ActiveCfg = Debug|x64
		{070BD11D-624B-4083-B7E1-DFAF38F377A6}.Debug|x64.Build.0 = Debug|x64
		{070BD11D-624B-4083-B7E1-DFAF38F377A6}.Debug|x86.ActiveCfg = Debug|Win32
		{070BD11D-624B-4083-B7E1-DFAF38F377A6}.Debug|x86.Build.0 = Debug|Win32
		{070BD11D-624B-4083-B7E1-DFAF38F377A6}.Release|x64.ActiveCfg = Release|x64
		{070BD11D-624B-4083-B7E1-DFAF38F377A6}.Release|x64.Build.0 = Release|x64
		{070BD11D-624B-4083-B7E1-DFAF38F377A6}.Release|x86.ActiveCfg = Release|Win32
		{070BD11D-624B-4083-B7E1-DFAF38F377A6}.Release|x86.Build.0 = Release|Win32
		{39819A90-177C-432B-A806-D42C9C5F59AE}.Debug|x64.ActiveCfg = Debug|x64
		{39819A90-177C-432B-A806-D42C9C5F59AE}.Debug|x64.Build.0 = Debug|x64
		{39819A90-177C-432B-A806-D42C9C5F59AE}.Debug|x86.ActiveCfg = Debug|Win32
		{39819A90-177C-432B-A806-D42C9C5F59AE}.Debug|x86.Build.0 = Debug|Win32
		{39819A90-177C-432B-A806-D42C9C5F59AE}.Release|x64.ActiveCfg = Release|x64
		{39819A90-177C-432B-A806-D42C9C5F59AE}.Release|x64.Build.0 = Release|x64
		{39819A90-177C-432B-A806-D42C9C5F59AE}.Release|x86.ActiveCfg = Release|Win32
		{39819A90-177C-432B-A806-D42C9C5F59AE}.Release|x86.Build.0 = Release|Win32
	EndGlobalSection
	GlobalSection(SolutionProperties) = preSolution
		HideSolutionNode = FALSE
	EndGlobalSection
	GlobalSection(ExtensibilityGlobals) = postSolution
		SolutionGuid = {1B892AFA-90F0-4AE5-AD9D-5DE5FBF36E16}
	EndGlobalSection
EndGlobal
