
Microsoft Visual Studio Solution File, Format Version 12.00
# Visual Studio Version 16
VisualStudioVersion = 16.0.32407.337
MinimumVisualStudioVersion = 10.0.40219.1
Project("{8BC9CEB8-8B4A-11D0-8D11-00A0C91BC942}") = "Lab 6.7", "Lab 6.7\Lab 6.7.vcxproj", "{6B3E6318-6B5F-4690-803B-92829FEC5EDB}"
EndProject
Project("{8BC9CEB8-8B4A-11D0-8D11-00A0C91BC942}") = "UnitTest1", "UnitTest1\UnitTest1.vcxproj", "{F58206D9-9998-44B9-B6B0-F7CD6C16B228}"
EndProject
Global
	GlobalSection(SolutionConfigurationPlatforms) = preSolution
		Debug|x64 = Debug|x64
		Debug|x86 = Debug|x86
		Release|x64 = Release|x64
		Release|x86 = Release|x86
	EndGlobalSection
	GlobalSection(ProjectConfigurationPlatforms) = postSolution
		{6B3E6318-6B5F-4690-803B-92829FEC5EDB}.Debug|x64.ActiveCfg = Debug|x64
		{6B3E6318-6B5F-4690-803B-92829FEC5EDB}.Debug|x64.Build.0 = Debug|x64
		{6B3E6318-6B5F-4690-803B-92829FEC5EDB}.Debug|x86.ActiveCfg = Debug|Win32
		{6B3E6318-6B5F-4690-803B-92829FEC5EDB}.Debug|x86.Build.0 = Debug|Win32
		{6B3E6318-6B5F-4690-803B-92829FEC5EDB}.Release|x64.ActiveCfg = Release|x64
		{6B3E6318-6B5F-4690-803B-92829FEC5EDB}.Release|x64.Build.0 = Release|x64
		{6B3E6318-6B5F-4690-803B-92829FEC5EDB}.Release|x86.ActiveCfg = Release|Win32
		{6B3E6318-6B5F-4690-803B-92829FEC5EDB}.Release|x86.Build.0 = Release|Win32
		{F58206D9-9998-44B9-B6B0-F7CD6C16B228}.Debug|x64.ActiveCfg = Debug|x64
		{F58206D9-9998-44B9-B6B0-F7CD6C16B228}.Debug|x64.Build.0 = Debug|x64
		{F58206D9-9998-44B9-B6B0-F7CD6C16B228}.Debug|x86.ActiveCfg = Debug|Win32
		{F58206D9-9998-44B9-B6B0-F7CD6C16B228}.Debug|x86.Build.0 = Debug|Win32
		{F58206D9-9998-44B9-B6B0-F7CD6C16B228}.Release|x64.ActiveCfg = Release|x64
		{F58206D9-9998-44B9-B6B0-F7CD6C16B228}.Release|x64.Build.0 = Release|x64
		{F58206D9-9998-44B9-B6B0-F7CD6C16B228}.Release|x86.ActiveCfg = Release|Win32
		{F58206D9-9998-44B9-B6B0-F7CD6C16B228}.Release|x86.Build.0 = Release|Win32
	EndGlobalSection
	GlobalSection(SolutionProperties) = preSolution
		HideSolutionNode = FALSE
	EndGlobalSection
	GlobalSection(ExtensibilityGlobals) = postSolution
		SolutionGuid = {99D77794-E35B-4470-8094-F13C4E4A78A9}
	EndGlobalSection
EndGlobal
