
Microsoft Visual Studio Solution File, Format Version 12.00
# Visual Studio Version 16
VisualStudioVersion = 16.0.32407.337
MinimumVisualStudioVersion = 10.0.40219.1
Project("{8BC9CEB8-8B4A-11D0-8D11-00A0C91BC942}") = "Lab 6.1", "Lab 6.1\Lab 6.1.vcxproj", "{D88D8C6E-1C47-482B-8779-864DDB036E91}"
EndProject
Project("{8BC9CEB8-8B4A-11D0-8D11-00A0C91BC942}") = "UnitTest1", "UnitTest1\UnitTest1.vcxproj", "{5E943CC4-4234-4982-9134-2E5ED4EB96DF}"
EndProject
Global
	GlobalSection(SolutionConfigurationPlatforms) = preSolution
		Debug|x64 = Debug|x64
		Debug|x86 = Debug|x86
		Release|x64 = Release|x64
		Release|x86 = Release|x86
	EndGlobalSection
	GlobalSection(ProjectConfigurationPlatforms) = postSolution
		{D88D8C6E-1C47-482B-8779-864DDB036E91}.Debug|x64.ActiveCfg = Debug|x64
		{D88D8C6E-1C47-482B-8779-864DDB036E91}.Debug|x64.Build.0 = Debug|x64
		{D88D8C6E-1C47-482B-8779-864DDB036E91}.Debug|x86.ActiveCfg = Debug|Win32
		{D88D8C6E-1C47-482B-8779-864DDB036E91}.Debug|x86.Build.0 = Debug|Win32
		{D88D8C6E-1C47-482B-8779-864DDB036E91}.Release|x64.ActiveCfg = Release|x64
		{D88D8C6E-1C47-482B-8779-864DDB036E91}.Release|x64.Build.0 = Release|x64
		{D88D8C6E-1C47-482B-8779-864DDB036E91}.Release|x86.ActiveCfg = Release|Win32
		{D88D8C6E-1C47-482B-8779-864DDB036E91}.Release|x86.Build.0 = Release|Win32
		{5E943CC4-4234-4982-9134-2E5ED4EB96DF}.Debug|x64.ActiveCfg = Debug|x64
		{5E943CC4-4234-4982-9134-2E5ED4EB96DF}.Debug|x64.Build.0 = Debug|x64
		{5E943CC4-4234-4982-9134-2E5ED4EB96DF}.Debug|x86.ActiveCfg = Debug|Win32
		{5E943CC4-4234-4982-9134-2E5ED4EB96DF}.Debug|x86.Build.0 = Debug|Win32
		{5E943CC4-4234-4982-9134-2E5ED4EB96DF}.Release|x64.ActiveCfg = Release|x64
		{5E943CC4-4234-4982-9134-2E5ED4EB96DF}.Release|x64.Build.0 = Release|x64
		{5E943CC4-4234-4982-9134-2E5ED4EB96DF}.Release|x86.ActiveCfg = Release|Win32
		{5E943CC4-4234-4982-9134-2E5ED4EB96DF}.Release|x86.Build.0 = Release|Win32
	EndGlobalSection
	GlobalSection(SolutionProperties) = preSolution
		HideSolutionNode = FALSE
	EndGlobalSection
	GlobalSection(ExtensibilityGlobals) = postSolution
		SolutionGuid = {3E7E196B-FA82-4389-AEFA-78E222E5C06A}
	EndGlobalSection
EndGlobal
